// !$*UTF8*$!
{
	archiveVersion = 1;
	classes = {
	};
	objectVersion = 56;
	objects = {

/* Begin PBXBuildFile section */
		19B1974C2B6BFA300069C4FE /* BookwormApp.swift in Sources */ = {isa = PBXBuildFile; fileRef = 19B1974B2B6BFA300069C4FE /* BookwormApp.swift */; };
		19B1974E2B6BFA300069C4FE /* BookwormV.swift in Sources */ = {isa = PBXBuildFile; fileRef = 19B1974D2B6BFA300069C4FE /* BookwormV.swift */; };
		19B197502B6BFA310069C4FE /* Assets.xcassets in Resources */ = {isa = PBXBuildFile; fileRef = 19B1974F2B6BFA310069C4FE /* Assets.xcassets */; };
		19B197532B6BFA310069C4FE /* Preview Assets.xcassets in Resources */ = {isa = PBXBuildFile; fileRef = 19B197522B6BFA310069C4FE /* Preview Assets.xcassets */; };
		19B1975A2B6BFAC50069C4FE /* BookM.swift in Sources */ = {isa = PBXBuildFile; fileRef = 19B197592B6BFAC50069C4FE /* BookM.swift */; };
		19B1975C2B6BFC0C0069C4FE /* AddBookV.swift in Sources */ = {isa = PBXBuildFile; fileRef = 19B1975B2B6BFC0C0069C4FE /* AddBookV.swift */; };
		19D8AEF82B6C05B40060A82B /* BookRatingV.swift in Sources */ = {isa = PBXBuildFile; fileRef = 19D8AEF72B6C05B40060A82B /* BookRatingV.swift */; };
		19D8AEFC2B6C16C70060A82B /* BookDetailV.swift in Sources */ = {isa = PBXBuildFile; fileRef = 19D8AEFB2B6C16C70060A82B /* BookDetailV.swift */; };
		19D8AEFE2B6CF0430060A82B /* StringExtension.swift in Sources */ = {isa = PBXBuildFile; fileRef = 19D8AEFD2B6CF0430060A82B /* StringExtension.swift */; };
/* End PBXBuildFile section */

/* Begin PBXFileReference section */
		19B197482B6BFA300069C4FE /* Bookworm.app */ = {isa = PBXFileReference; explicitFileType = wrapper.application; includeInIndex = 0; path = Bookworm.app; sourceTree = BUILT_PRODUCTS_DIR; };
		19B1974B2B6BFA300069C4FE /* BookwormApp.swift */ = {isa = PBXFileReference; lastKnownFileType = sourcecode.swift; path = BookwormApp.swift; sourceTree = "<group>"; };
		19B1974D2B6BFA300069C4FE /* BookwormV.swift */ = {isa = PBXFileReference; lastKnownFileType = sourcecode.swift; path = BookwormV.swift; sourceTree = "<group>"; };
		19B1974F2B6BFA310069C4FE /* Assets.xcassets */ = {isa = PBXFileReference; lastKnownFileType = folder.assetcatalog; path = Assets.xcassets; sourceTree = "<group>"; };
		19B197522B6BFA310069C4FE /* Preview Assets.xcassets */ = {isa = PBXFileReference; lastKnownFileType = folder.assetcatalog; path = "Preview Assets.xcassets"; sourceTree = "<group>"; };
		19B197592B6BFAC50069C4FE /* BookM.swift */ = {isa = PBXFileReference; lastKnownFileType = sourcecode.swift; path = BookM.swift; sourceTree = "<group>"; };
		19B1975B2B6BFC0C0069C4FE /* AddBookV.swift */ = {isa = PBXFileReference; lastKnownFileType = sourcecode.swift; path = AddBookV.swift; sourceTree = "<group>"; };
		19D8AEF72B6C05B40060A82B /* BookRatingV.swift */ = {isa = PBXFileReference; lastKnownFileType = sourcecode.swift; path = BookRatingV.swift; sourceTree = "<group>"; };
		19D8AEFB2B6C16C70060A82B /* BookDetailV.swift */ = {isa = PBXFileReference; lastKnownFileType = sourcecode.swift; path = BookDetailV.swift; sourceTree = "<group>"; };
		19D8AEFD2B6CF0430060A82B /* StringExtension.swift */ = {isa = PBXFileReference; lastKnownFileType = sourcecode.swift; path = StringExtension.swift; sourceTree = "<group>"; };
/* End PBXFileReference section */

/* Begin PBXFrameworksBuildPhase section */
		19B197452B6BFA300069C4FE /* Frameworks */ = {
			isa = PBXFrameworksBuildPhase;
			buildActionMask = 2147483647;
			files = (
			);
			runOnlyForDeploymentPostprocessing = 0;
		};
/* End PBXFrameworksBuildPhase section */

/* Begin PBXGroup section */
		19B1973F2B6BFA300069C4FE = {
			isa = PBXGroup;
			children = (
				19B1974A2B6BFA300069C4FE /* Bookworm */,
				19B197492B6BFA300069C4FE /* Products */,
			);
			sourceTree = "<group>";
		};
		19B197492B6BFA300069C4FE /* Products */ = {
			isa = PBXGroup;
			children = (
				19B197482B6BFA300069C4FE /* Bookworm.app */,
			);
			name = Products;
			sourceTree = "<group>";
		};
		19B1974A2B6BFA300069C4FE /* Bookworm */ = {
			isa = PBXGroup;
			children = (
				19B1974B2B6BFA300069C4FE /* BookwormApp.swift */,
				19B1974D2B6BFA300069C4FE /* BookwormV.swift */,
				19B1975B2B6BFC0C0069C4FE /* AddBookV.swift */,
				19D8AEFB2B6C16C70060A82B /* BookDetailV.swift */,
				19D8AEF72B6C05B40060A82B /* BookRatingV.swift */,
				19B197592B6BFAC50069C4FE /* BookM.swift */,
				19D8AEFD2B6CF0430060A82B /* StringExtension.swift */,
				19B1974F2B6BFA310069C4FE /* Assets.xcassets */,
				19B197512B6BFA310069C4FE /* Preview Content */,
			);
			path = Bookworm;
			sourceTree = "<group>";
		};
		19B197512B6BFA310069C4FE /* Preview Content */ = {
			isa = PBXGroup;
			children = (
				19B197522B6BFA310069C4FE /* Preview Assets.xcassets */,
			);
			path = "Preview Content";
			sourceTree = "<group>";
		};
/* End PBXGroup section */

/* Begin PBXNativeTarget section */
		19B197472B6BFA300069C4FE /* Bookworm */ = {
			isa = PBXNativeTarget;
			buildConfigurationList = 19B197562B6BFA310069C4FE /* Build configuration list for PBXNativeTarget "Bookworm" */;
			buildPhases = (
				19B197442B6BFA300069C4FE /* Sources */,
				19B197452B6BFA300069C4FE /* Frameworks */,
				19B197462B6BFA300069C4FE /* Resources */,
			);
			buildRules = (
			);
			dependencies = (
			);
			name = Bookworm;
			productName = Bookworn;
			productReference = 19B197482B6BFA300069C4FE /* Bookworm.app */;
			productType = "com.apple.product-type.application";
		};
/* End PBXNativeTarget section */

/* Begin PBXProject section */
		19B197402B6BFA300069C4FE /* Project object */ = {
			isa = PBXProject;
			attributes = {
				BuildIndependentTargetsInParallel = 1;
				LastSwiftUpdateCheck = 1520;
				LastUpgradeCheck = 1520;
				TargetAttributes = {
					19B197472B6BFA300069C4FE = {
						CreatedOnToolsVersion = 15.2;
					};
				};
			};
			buildConfigurationList = 19B197432B6BFA300069C4FE /* Build configuration list for PBXProject "Bookworm" */;
			compatibilityVersion = "Xcode 14.0";
			developmentRegion = en;
			hasScannedForEncodings = 0;
			knownRegions = (
				en,
				Base,
			);
			mainGroup = 19B1973F2B6BFA300069C4FE;
			productRefGroup = 19B197492B6BFA300069C4FE /* Products */;
			projectDirPath = "";
			projectRoot = "";
			targets = (
				19B197472B6BFA300069C4FE /* Bookworm */,
			);
		};
/* End PBXProject section */

/* Begin PBXResourcesBuildPhase section */
		19B197462B6BFA300069C4FE /* Resources */ = {
			isa = PBXResourcesBuildPhase;
			buildActionMask = 2147483647;
			files = (
				19B197532B6BFA310069C4FE /* Preview Assets.xcassets in Resources */,
				19B197502B6BFA310069C4FE /* Assets.xcassets in Resources */,
			);
			runOnlyForDeploymentPostprocessing = 0;
		};
/* End PBXResourcesBuildPhase section */

/* Begin PBXSourcesBuildPhase section */
		19B197442B6BFA300069C4FE /* Sources */ = {
			isa = PBXSourcesBuildPhase;
			buildActionMask = 2147483647;
			files = (
				19B1974E2B6BFA300069C4FE /* BookwormV.swift in Sources */,
				19D8AEFE2B6CF0430060A82B /* StringExtension.swift in Sources */,
				19D8AEFC2B6C16C70060A82B /* BookDetailV.swift in Sources */,
				19B1974C2B6BFA300069C4FE /* BookwormApp.swift in Sources */,
				19B1975A2B6BFAC50069C4FE /* BookM.swift in Sources */,
				19D8AEF82B6C05B40060A82B /* BookRatingV.swift in Sources */,
				19B1975C2B6BFC0C0069C4FE /* AddBookV.swift in Sources */,
			);
			runOnlyForDeploymentPostprocessing = 0;
		};
/* End PBXSourcesBuildPhase section */

/* Begin XCBuildConfiguration section */
		19B197542B6BFA310069C4FE /* Debug */ = {
			isa = XCBuildConfiguration;
			buildSettings = {
				ALWAYS_SEARCH_USER_PATHS = NO;
				ASSETCATALOG_COMPILER_GENERATE_SWIFT_ASSET_SYMBOL_EXTENSIONS = YES;
				CLANG_ANALYZER_NONNULL = YES;
				CLANG_ANALYZER_NUMBER_OBJECT_CONVERSION = YES_AGGRESSIVE;
				CLANG_CXX_LANGUAGE_STANDARD = "gnu++20";
				CLANG_ENABLE_MODULES = YES;
				CLANG_ENABLE_OBJC_ARC = YES;
				CLANG_ENABLE_OBJC_WEAK = YES;
				CLANG_WARN_BLOCK_CAPTURE_AUTORELEASING = YES;
				CLANG_WARN_BOOL_CONVERSION = YES;
				CLANG_WARN_COMMA = YES;
				CLANG_WARN_CONSTANT_CONVERSION = YES;
				CLANG_WARN_DEPRECATED_OBJC_IMPLEMENTATIONS = YES;
				CLANG_WARN_DIRECT_OBJC_ISA_USAGE = YES_ERROR;
				CLANG_WARN_DOCUMENTATION_COMMENTS = YES;
				CLANG_WARN_EMPTY_BODY = YES;
				CLANG_WARN_ENUM_CONVERSION = YES;
				CLANG_WARN_INFINITE_RECURSION = YES;
				CLANG_WARN_INT_CONVERSION = YES;
				CLANG_WARN_NON_LITERAL_NULL_CONVERSION = YES;
				CLANG_WARN_OBJC_IMPLICIT_RETAIN_SELF = YES;
				CLANG_WARN_OBJC_LITERAL_CONVERSION = YES;
				CLANG_WARN_OBJC_ROOT_CLASS = YES_ERROR;
				CLANG_WARN_QUOTED_INCLUDE_IN_FRAMEWORK_HEADER = YES;
				CLANG_WARN_RANGE_LOOP_ANALYSIS = YES;
				CLANG_WARN_STRICT_PROTOTYPES = YES;
				CLANG_WARN_SUSPICIOUS_MOVE = YES;
				CLANG_WARN_UNGUARDED_AVAILABILITY = YES_AGGRESSIVE;
				CLANG_WARN_UNREACHABLE_CODE = YES;
				CLANG_WARN__DUPLICATE_METHOD_MATCH = YES;
				COPY_PHASE_STRIP = NO;
				DEBUG_INFORMATION_FORMAT = dwarf;
				ENABLE_STRICT_OBJC_MSGSEND = YES;
				ENABLE_TESTABILITY = YES;
				ENABLE_USER_SCRIPT_SANDBOXING = YES;
				GCC_C_LANGUAGE_STANDARD = gnu17;
				GCC_DYNAMIC_NO_PIC = NO;
				GCC_NO_COMMON_BLOCKS = YES;
				GCC_OPTIMIZATION_LEVEL = 0;
				GCC_PREPROCESSOR_DEFINITIONS = (
					"DEBUG=1",
					"$(inherited)",
				);
				GCC_WARN_64_TO_32_BIT_CONVERSION = YES;
				GCC_WARN_ABOUT_RETURN_TYPE = YES_ERROR;
				GCC_WARN_UNDECLARED_SELECTOR = YES;
				GCC_WARN_UNINITIALIZED_AUTOS = YES_AGGRESSIVE;
				GCC_WARN_UNUSED_FUNCTION = YES;
				GCC_WARN_UNUSED_VARIABLE = YES;
				IPHONEOS_DEPLOYMENT_TARGET = 17.2;
				LOCALIZATION_PREFERS_STRING_CATALOGS = YES;
				MTL_ENABLE_DEBUG_INFO = INCLUDE_SOURCE;
				MTL_FAST_MATH = YES;
				ONLY_ACTIVE_ARCH = YES;
				SDKROOT = iphoneos;
				SWIFT_ACTIVE_COMPILATION_CONDITIONS = "DEBUG $(inherited)";
				SWIFT_OPTIMIZATION_LEVEL = "-Onone";
			};
			name = Debug;
		};
		19B197552B6BFA310069C4FE /* Release */ = {
			isa = XCBuildConfiguration;
			buildSettings = {
				ALWAYS_SEARCH_USER_PATHS = NO;
				ASSETCATALOG_COMPILER_GENERATE_SWIFT_ASSET_SYMBOL_EXTENSIONS = YES;
				CLANG_ANALYZER_NONNULL = YES;
				CLANG_ANALYZER_NUMBER_OBJECT_CONVERSION = YES_AGGRESSIVE;
				CLANG_CXX_LANGUAGE_STANDARD = "gnu++20";
				CLANG_ENABLE_MODULES = YES;
				CLANG_ENABLE_OBJC_ARC = YES;
				CLANG_ENABLE_OBJC_WEAK = YES;
				CLANG_WARN_BLOCK_CAPTURE_AUTORELEASING = YES;
				CLANG_WARN_BOOL_CONVERSION = YES;
				CLANG_WARN_COMMA = YES;
				CLANG_WARN_CONSTANT_CONVERSION = YES;
				CLANG_WARN_DEPRECATED_OBJC_IMPLEMENTATIONS = YES;
				CLANG_WARN_DIRECT_OBJC_ISA_USAGE = YES_ERROR;
				CLANG_WARN_DOCUMENTATION_COMMENTS = YES;
				CLANG_WARN_EMPTY_BODY = YES;
				CLANG_WARN_ENUM_CONVERSION = YES;
				CLANG_WARN_INFINITE_RECURSION = YES;
				CLANG_WARN_INT_CONVERSION = YES;
				CLANG_WARN_NON_LITERAL_NULL_CONVERSION = YES;
				CLANG_WARN_OBJC_IMPLICIT_RETAIN_SELF = YES;
				CLANG_WARN_OBJC_LITERAL_CONVERSION = YES;
				CLANG_WARN_OBJC_ROOT_CLASS = YES_ERROR;
				CLANG_WARN_QUOTED_INCLUDE_IN_FRAMEWORK_HEADER = YES;
				CLANG_WARN_RANGE_LOOP_ANALYSIS = YES;
				CLANG_WARN_STRICT_PROTOTYPES = YES;
				CLANG_WARN_SUSPICIOUS_MOVE = YES;
				CLANG_WARN_UNGUARDED_AVAILABILITY = YES_AGGRESSIVE;
				CLANG_WARN_UNREACHABLE_CODE = YES;
				CLANG_WARN__DUPLICATE_METHOD_MATCH = YES;
				COPY_PHASE_STRIP = NO;
				DEBUG_INFORMATION_FORMAT = "dwarf-with-dsym";
				ENABLE_NS_ASSERTIONS = NO;
				ENABLE_STRICT_OBJC_MSGSEND = YES;
				ENABLE_USER_SCRIPT_SANDBOXING = YES;
				GCC_C_LANGUAGE_STANDARD = gnu17;
				GCC_NO_COMMON_BLOCKS = YES;
				GCC_WARN_64_TO_32_BIT_CONVERSION = YES;
				GCC_WARN_ABOUT_RETURN_TYPE = YES_ERROR;
				GCC_WARN_UNDECLARED_SELECTOR = YES;
				GCC_WARN_UNINITIALIZED_AUTOS = YES_AGGRESSIVE;
				GCC_WARN_UNUSED_FUNCTION = YES;
				GCC_WARN_UNUSED_VARIABLE = YES;
				IPHONEOS_DEPLOYMENT_TARGET = 17.2;
				LOCALIZATION_PREFERS_STRING_CATALOGS = YES;
				MTL_ENABLE_DEBUG_INFO = NO;
				MTL_FAST_MATH = YES;
				SDKROOT = iphoneos;
				SWIFT_COMPILATION_MODE = wholemodule;
				VALIDATE_PRODUCT = YES;
			};
			name = Release;
		};
		19B197572B6BFA310069C4FE /* Debug */ = {
			isa = XCBuildConfiguration;
			buildSettings = {
				ASSETCATALOG_COMPILER_APPICON_NAME = AppIcon;
				ASSETCATALOG_COMPILER_GLOBAL_ACCENT_COLOR_NAME = AccentColor;
				CODE_SIGN_STYLE = Automatic;
				CURRENT_PROJECT_VERSION = 1;
				DEVELOPMENT_ASSET_PATHS = "\"Bookworm/Preview Content\"";
				ENABLE_PREVIEWS = YES;
				GENERATE_INFOPLIST_FILE = YES;
				INFOPLIST_KEY_UIApplicationSceneManifest_Generation = YES;
				INFOPLIST_KEY_UIApplicationSupportsIndirectInputEvents = YES;
				INFOPLIST_KEY_UILaunchScreen_Generation = YES;
				INFOPLIST_KEY_UISupportedInterfaceOrientations_iPad = "UIInterfaceOrientationPortrait UIInterfaceOrientationPortraitUpsideDown UIInterfaceOrientationLandscapeLeft UIInterfaceOrientationLandscapeRight";
				INFOPLIST_KEY_UISupportedInterfaceOrientations_iPhone = "UIInterfaceOrientationPortrait UIInterfaceOrientationLandscapeLeft UIInterfaceOrientationLandscapeRight";
				LD_RUNPATH_SEARCH_PATHS = (
					"$(inherited)",
					"@executable_path/Frameworks",
				);
				MARKETING_VERSION = 1.0;
				PRODUCT_BUNDLE_IDENTIFIER = spacedrifter.xeon.Bookworm;
				PRODUCT_NAME = "$(TARGET_NAME)";
				SWIFT_EMIT_LOC_STRINGS = YES;
				SWIFT_VERSION = 5.0;
				TARGETED_DEVICE_FAMILY = "1,2";
			};
			name = Debug;
		};
		19B197582B6BFA310069C4FE /* Release */ = {
			isa = XCBuildConfiguration;
			buildSettings = {
				ASSETCATALOG_COMPILER_APPICON_NAME = AppIcon;
				ASSETCATALOG_COMPILER_GLOBAL_ACCENT_COLOR_NAME = AccentColor;
				CODE_SIGN_STYLE = Automatic;
				CURRENT_PROJECT_VERSION = 1;
				DEVELOPMENT_ASSET_PATHS = "\"Bookworm/Preview Content\"";
				ENABLE_PREVIEWS = YES;
				GENERATE_INFOPLIST_FILE = YES;
				INFOPLIST_KEY_UIApplicationSceneManifest_Generation = YES;
				INFOPLIST_KEY_UIApplicationSupportsIndirectInputEvents = YES;
				INFOPLIST_KEY_UILaunchScreen_Generation = YES;
				INFOPLIST_KEY_UISupportedInterfaceOrientations_iPad = "UIInterfaceOrientationPortrait UIInterfaceOrientationPortraitUpsideDown UIInterfaceOrientationLandscapeLeft UIInterfaceOrientationLandscapeRight";
				INFOPLIST_KEY_UISupportedInterfaceOrientations_iPhone = "UIInterfaceOrientationPortrait UIInterfaceOrientationLandscapeLeft UIInterfaceOrientationLandscapeRight";
				LD_RUNPATH_SEARCH_PATHS = (
					"$(inherited)",
					"@executable_path/Frameworks",
				);
				MARKETING_VERSION = 1.0;
				PRODUCT_BUNDLE_IDENTIFIER = spacedrifter.xeon.Bookworm;
				PRODUCT_NAME = "$(TARGET_NAME)";
				SWIFT_EMIT_LOC_STRINGS = YES;
				SWIFT_VERSION = 5.0;
				TARGETED_DEVICE_FAMILY = "1,2";
			};
			name = Release;
		};
/* End XCBuildConfiguration section */

/* Begin XCConfigurationList section */
		19B197432B6BFA300069C4FE /* Build configuration list for PBXProject "Bookworm" */ = {
			isa = XCConfigurationList;
			buildConfigurations = (
				19B197542B6BFA310069C4FE /* Debug */,
				19B197552B6BFA310069C4FE /* Release */,
			);
			defaultConfigurationIsVisible = 0;
			defaultConfigurationName = Release;
		};
		19B197562B6BFA310069C4FE /* Build configuration list for PBXNativeTarget "Bookworm" */ = {
			isa = XCConfigurationList;
			buildConfigurations = (
				19B197572B6BFA310069C4FE /* Debug */,
				19B197582B6BFA310069C4FE /* Release */,
			);
			defaultConfigurationIsVisible = 0;
			defaultConfigurationName = Release;
		};
/* End XCConfigurationList section */
	};
	rootObject = 19B197402B6BFA300069C4FE /* Project object */;
}
