// !$*UTF8*$!
{
	archiveVersion = 1;
	classes = {
	};
	objectVersion = 56;
	objects = {

/* Begin PBXBuildFile section */
		1944D81A2B6EE5AD000374E8 /* MapKitExploreApp.swift in Sources */ = {isa = PBXBuildFile; fileRef = 1944D8192B6EE5AD000374E8 /* MapKitExploreApp.swift */; };
		1944D81C2B6EE5AD000374E8 /* MapKitExploreV.swift in Sources */ = {isa = PBXBuildFile; fileRef = 1944D81B2B6EE5AD000374E8 /* MapKitExploreV.swift */; };
		1944D81E2B6EE5AD000374E8 /* Assets.xcassets in Resources */ = {isa = PBXBuildFile; fileRef = 1944D81D2B6EE5AD000374E8 /* Assets.xcassets */; };
		1944D8212B6EE5AD000374E8 /* Preview Assets.xcassets in Resources */ = {isa = PBXBuildFile; fileRef = 1944D8202B6EE5AD000374E8 /* Preview Assets.xcassets */; };
		1944D8282B6EEEDF000374E8 /* Location.swift in Sources */ = {isa = PBXBuildFile; fileRef = 1944D8272B6EEEDF000374E8 /* Location.swift */; };
		1944D82A2B6F927B000374E8 /* EditLocationV.swift in Sources */ = {isa = PBXBuildFile; fileRef = 1944D8292B6F927B000374E8 /* EditLocationV.swift */; };
		1944D82C2B6FC586000374E8 /* GetWikiLocation.swift in Sources */ = {isa = PBXBuildFile; fileRef = 1944D82B2B6FC586000374E8 /* GetWikiLocation.swift */; };
/* End PBXBuildFile section */

/* Begin PBXFileReference section */
		1944D8162B6EE5AD000374E8 /* MapKitExplore.app */ = {isa = PBXFileReference; explicitFileType = wrapper.application; includeInIndex = 0; path = MapKitExplore.app; sourceTree = BUILT_PRODUCTS_DIR; };
		1944D8192B6EE5AD000374E8 /* MapKitExploreApp.swift */ = {isa = PBXFileReference; lastKnownFileType = sourcecode.swift; path = MapKitExploreApp.swift; sourceTree = "<group>"; };
		1944D81B2B6EE5AD000374E8 /* MapKitExploreV.swift */ = {isa = PBXFileReference; lastKnownFileType = sourcecode.swift; path = MapKitExploreV.swift; sourceTree = "<group>"; };
		1944D81D2B6EE5AD000374E8 /* Assets.xcassets */ = {isa = PBXFileReference; lastKnownFileType = folder.assetcatalog; path = Assets.xcassets; sourceTree = "<group>"; };
		1944D8202B6EE5AD000374E8 /* Preview Assets.xcassets */ = {isa = PBXFileReference; lastKnownFileType = folder.assetcatalog; path = "Preview Assets.xcassets"; sourceTree = "<group>"; };
		1944D8272B6EEEDF000374E8 /* Location.swift */ = {isa = PBXFileReference; lastKnownFileType = sourcecode.swift; path = Location.swift; sourceTree = "<group>"; };
		1944D8292B6F927B000374E8 /* EditLocationV.swift */ = {isa = PBXFileReference; lastKnownFileType = sourcecode.swift; path = EditLocationV.swift; sourceTree = "<group>"; };
		1944D82B2B6FC586000374E8 /* GetWikiLocation.swift */ = {isa = PBXFileReference; lastKnownFileType = sourcecode.swift; path = GetWikiLocation.swift; sourceTree = "<group>"; };
/* End PBXFileReference section */

/* Begin PBXFrameworksBuildPhase section */
		1944D8132B6EE5AD000374E8 /* Frameworks */ = {
			isa = PBXFrameworksBuildPhase;
			buildActionMask = 2147483647;
			files = (
			);
			runOnlyForDeploymentPostprocessing = 0;
		};
/* End PBXFrameworksBuildPhase section */

/* Begin PBXGroup section */
		1944D80D2B6EE5AD000374E8 = {
			isa = PBXGroup;
			children = (
				1944D8182B6EE5AD000374E8 /* MapKitExplore */,
				1944D8172B6EE5AD000374E8 /* Products */,
			);
			sourceTree = "<group>";
		};
		1944D8172B6EE5AD000374E8 /* Products */ = {
			isa = PBXGroup;
			children = (
				1944D8162B6EE5AD000374E8 /* MapKitExplore.app */,
			);
			name = Products;
			sourceTree = "<group>";
		};
		1944D8182B6EE5AD000374E8 /* MapKitExplore */ = {
			isa = PBXGroup;
			children = (
				1944D8192B6EE5AD000374E8 /* MapKitExploreApp.swift */,
				1944D81B2B6EE5AD000374E8 /* MapKitExploreV.swift */,
				1944D8292B6F927B000374E8 /* EditLocationV.swift */,
				1944D8272B6EEEDF000374E8 /* Location.swift */,
				1944D82B2B6FC586000374E8 /* GetWikiLocation.swift */,
				1944D81D2B6EE5AD000374E8 /* Assets.xcassets */,
				1944D81F2B6EE5AD000374E8 /* Preview Content */,
			);
			path = MapKitExplore;
			sourceTree = "<group>";
		};
		1944D81F2B6EE5AD000374E8 /* Preview Content */ = {
			isa = PBXGroup;
			children = (
				1944D8202B6EE5AD000374E8 /* Preview Assets.xcassets */,
			);
			path = "Preview Content";
			sourceTree = "<group>";
		};
/* End PBXGroup section */

/* Begin PBXNativeTarget section */
		1944D8152B6EE5AD000374E8 /* MapKitExplore */ = {
			isa = PBXNativeTarget;
			buildConfigurationList = 1944D8242B6EE5AD000374E8 /* Build configuration list for PBXNativeTarget "MapKitExplore" */;
			buildPhases = (
				1944D8122B6EE5AD000374E8 /* Sources */,
				1944D8132B6EE5AD000374E8 /* Frameworks */,
				1944D8142B6EE5AD000374E8 /* Resources */,
			);
			buildRules = (
			);
			dependencies = (
			);
			name = MapKitExplore;
			productName = MapKitExplore;
			productReference = 1944D8162B6EE5AD000374E8 /* MapKitExplore.app */;
			productType = "com.apple.product-type.application";
		};
/* End PBXNativeTarget section */

/* Begin PBXProject section */
		1944D80E2B6EE5AD000374E8 /* Project object */ = {
			isa = PBXProject;
			attributes = {
				BuildIndependentTargetsInParallel = 1;
				LastSwiftUpdateCheck = 1520;
				LastUpgradeCheck = 1520;
				TargetAttributes = {
					1944D8152B6EE5AD000374E8 = {
						CreatedOnToolsVersion = 15.2;
					};
				};
			};
			buildConfigurationList = 1944D8112B6EE5AD000374E8 /* Build configuration list for PBXProject "MapKitExplore" */;
			compatibilityVersion = "Xcode 14.0";
			developmentRegion = en;
			hasScannedForEncodings = 0;
			knownRegions = (
				en,
				Base,
			);
			mainGroup = 1944D80D2B6EE5AD000374E8;
			productRefGroup = 1944D8172B6EE5AD000374E8 /* Products */;
			projectDirPath = "";
			projectRoot = "";
			targets = (
				1944D8152B6EE5AD000374E8 /* MapKitExplore */,
			);
		};
/* End PBXProject section */

/* Begin PBXResourcesBuildPhase section */
		1944D8142B6EE5AD000374E8 /* Resources */ = {
			isa = PBXResourcesBuildPhase;
			buildActionMask = 2147483647;
			files = (
				1944D8212B6EE5AD000374E8 /* Preview Assets.xcassets in Resources */,
				1944D81E2B6EE5AD000374E8 /* Assets.xcassets in Resources */,
			);
			runOnlyForDeploymentPostprocessing = 0;
		};
/* End PBXResourcesBuildPhase section */

/* Begin PBXSourcesBuildPhase section */
		1944D8122B6EE5AD000374E8 /* Sources */ = {
			isa = PBXSourcesBuildPhase;
			buildActionMask = 2147483647;
			files = (
				1944D81C2B6EE5AD000374E8 /* MapKitExploreV.swift in Sources */,
				1944D82C2B6FC586000374E8 /* GetWikiLocation.swift in Sources */,
				1944D8282B6EEEDF000374E8 /* Location.swift in Sources */,
				1944D81A2B6EE5AD000374E8 /* MapKitExploreApp.swift in Sources */,
				1944D82A2B6F927B000374E8 /* EditLocationV.swift in Sources */,
			);
			runOnlyForDeploymentPostprocessing = 0;
		};
/* End PBXSourcesBuildPhase section */

/* Begin XCBuildConfiguration section */
		1944D8222B6EE5AD000374E8 /* Debug */ = {
			isa = XCBuildConfiguration;
			buildSettings = {
				ALWAYS_SEARCH_USER_PATHS = NO;
				ASSETCATALOG_COMPILER_GENERATE_SWIFT_ASSET_SYMBOL_EXTENSIONS = YES;
				CLANG_ANALYZER_NONNULL = YES;
				CLANG_ANALYZER_NUMBER_OBJECT_CONVERSION = YES_AGGRESSIVE;
				CLANG_CXX_LANGUAGE_STANDARD = "gnu++20";
				CLANG_ENABLE_MODULES = YES;
				CLANG_ENABLE_OBJC_ARC = YES;
				CLANG_ENABLE_OBJC_WEAK = YES;
				CLANG_WARN_BLOCK_CAPTURE_AUTORELEASING = YES;
				CLANG_WARN_BOOL_CONVERSION = YES;
				CLANG_WARN_COMMA = YES;
				CLANG_WARN_CONSTANT_CONVERSION = YES;
				CLANG_WARN_DEPRECATED_OBJC_IMPLEMENTATIONS = YES;
				CLANG_WARN_DIRECT_OBJC_ISA_USAGE = YES_ERROR;
				CLANG_WARN_DOCUMENTATION_COMMENTS = YES;
				CLANG_WARN_EMPTY_BODY = YES;
				CLANG_WARN_ENUM_CONVERSION = YES;
				CLANG_WARN_INFINITE_RECURSION = YES;
				CLANG_WARN_INT_CONVERSION = YES;
				CLANG_WARN_NON_LITERAL_NULL_CONVERSION = YES;
				CLANG_WARN_OBJC_IMPLICIT_RETAIN_SELF = YES;
				CLANG_WARN_OBJC_LITERAL_CONVERSION = YES;
				CLANG_WARN_OBJC_ROOT_CLASS = YES_ERROR;
				CLANG_WARN_QUOTED_INCLUDE_IN_FRAMEWORK_HEADER = YES;
				CLANG_WARN_RANGE_LOOP_ANALYSIS = YES;
				CLANG_WARN_STRICT_PROTOTYPES = YES;
				CLANG_WARN_SUSPICIOUS_MOVE = YES;
				CLANG_WARN_UNGUARDED_AVAILABILITY = YES_AGGRESSIVE;
				CLANG_WARN_UNREACHABLE_CODE = YES;
				CLANG_WARN__DUPLICATE_METHOD_MATCH = YES;
				COPY_PHASE_STRIP = NO;
				DEBUG_INFORMATION_FORMAT = dwarf;
				ENABLE_STRICT_OBJC_MSGSEND = YES;
				ENABLE_TESTABILITY = YES;
				ENABLE_USER_SCRIPT_SANDBOXING = YES;
				GCC_C_LANGUAGE_STANDARD = gnu17;
				GCC_DYNAMIC_NO_PIC = NO;
				GCC_NO_COMMON_BLOCKS = YES;
				GCC_OPTIMIZATION_LEVEL = 0;
				GCC_PREPROCESSOR_DEFINITIONS = (
					"DEBUG=1",
					"$(inherited)",
				);
				GCC_WARN_64_TO_32_BIT_CONVERSION = YES;
				GCC_WARN_ABOUT_RETURN_TYPE = YES_ERROR;
				GCC_WARN_UNDECLARED_SELECTOR = YES;
				GCC_WARN_UNINITIALIZED_AUTOS = YES_AGGRESSIVE;
				GCC_WARN_UNUSED_FUNCTION = YES;
				GCC_WARN_UNUSED_VARIABLE = YES;
				IPHONEOS_DEPLOYMENT_TARGET = 17.2;
				LOCALIZATION_PREFERS_STRING_CATALOGS = YES;
				MTL_ENABLE_DEBUG_INFO = INCLUDE_SOURCE;
				MTL_FAST_MATH = YES;
				ONLY_ACTIVE_ARCH = YES;
				SDKROOT = iphoneos;
				SWIFT_ACTIVE_COMPILATION_CONDITIONS = "DEBUG $(inherited)";
				SWIFT_OPTIMIZATION_LEVEL = "-Onone";
			};
			name = Debug;
		};
		1944D8232B6EE5AD000374E8 /* Release */ = {
			isa = XCBuildConfiguration;
			buildSettings = {
				ALWAYS_SEARCH_USER_PATHS = NO;
				ASSETCATALOG_COMPILER_GENERATE_SWIFT_ASSET_SYMBOL_EXTENSIONS = YES;
				CLANG_ANALYZER_NONNULL = YES;
				CLANG_ANALYZER_NUMBER_OBJECT_CONVERSION = YES_AGGRESSIVE;
				CLANG_CXX_LANGUAGE_STANDARD = "gnu++20";
				CLANG_ENABLE_MODULES = YES;
				CLANG_ENABLE_OBJC_ARC = YES;
				CLANG_ENABLE_OBJC_WEAK = YES;
				CLANG_WARN_BLOCK_CAPTURE_AUTORELEASING = YES;
				CLANG_WARN_BOOL_CONVERSION = YES;
				CLANG_WARN_COMMA = YES;
				CLANG_WARN_CONSTANT_CONVERSION = YES;
				CLANG_WARN_DEPRECATED_OBJC_IMPLEMENTATIONS = YES;
				CLANG_WARN_DIRECT_OBJC_ISA_USAGE = YES_ERROR;
				CLANG_WARN_DOCUMENTATION_COMMENTS = YES;
				CLANG_WARN_EMPTY_BODY = YES;
				CLANG_WARN_ENUM_CONVERSION = YES;
				CLANG_WARN_INFINITE_RECURSION = YES;
				CLANG_WARN_INT_CONVERSION = YES;
				CLANG_WARN_NON_LITERAL_NULL_CONVERSION = YES;
				CLANG_WARN_OBJC_IMPLICIT_RETAIN_SELF = YES;
				CLANG_WARN_OBJC_LITERAL_CONVERSION = YES;
				CLANG_WARN_OBJC_ROOT_CLASS = YES_ERROR;
				CLANG_WARN_QUOTED_INCLUDE_IN_FRAMEWORK_HEADER = YES;
				CLANG_WARN_RANGE_LOOP_ANALYSIS = YES;
				CLANG_WARN_STRICT_PROTOTYPES = YES;
				CLANG_WARN_SUSPICIOUS_MOVE = YES;
				CLANG_WARN_UNGUARDED_AVAILABILITY = YES_AGGRESSIVE;
				CLANG_WARN_UNREACHABLE_CODE = YES;
				CLANG_WARN__DUPLICATE_METHOD_MATCH = YES;
				COPY_PHASE_STRIP = NO;
				DEBUG_INFORMATION_FORMAT = "dwarf-with-dsym";
				ENABLE_NS_ASSERTIONS = NO;
				ENABLE_STRICT_OBJC_MSGSEND = YES;
				ENABLE_USER_SCRIPT_SANDBOXING = YES;
				GCC_C_LANGUAGE_STANDARD = gnu17;
				GCC_NO_COMMON_BLOCKS = YES;
				GCC_WARN_64_TO_32_BIT_CONVERSION = YES;
				GCC_WARN_ABOUT_RETURN_TYPE = YES_ERROR;
				GCC_WARN_UNDECLARED_SELECTOR = YES;
				GCC_WARN_UNINITIALIZED_AUTOS = YES_AGGRESSIVE;
				GCC_WARN_UNUSED_FUNCTION = YES;
				GCC_WARN_UNUSED_VARIABLE = YES;
				IPHONEOS_DEPLOYMENT_TARGET = 17.2;
				LOCALIZATION_PREFERS_STRING_CATALOGS = YES;
				MTL_ENABLE_DEBUG_INFO = NO;
				MTL_FAST_MATH = YES;
				SDKROOT = iphoneos;
				SWIFT_COMPILATION_MODE = wholemodule;
				VALIDATE_PRODUCT = YES;
			};
			name = Release;
		};
		1944D8252B6EE5AD000374E8 /* Debug */ = {
			isa = XCBuildConfiguration;
			buildSettings = {
				ASSETCATALOG_COMPILER_APPICON_NAME = AppIcon;
				ASSETCATALOG_COMPILER_GLOBAL_ACCENT_COLOR_NAME = AccentColor;
				CODE_SIGN_STYLE = Automatic;
				CURRENT_PROJECT_VERSION = 1;
				DEVELOPMENT_ASSET_PATHS = "\"MapKitExplore/Preview Content\"";
				ENABLE_PREVIEWS = YES;
				GENERATE_INFOPLIST_FILE = YES;
				INFOPLIST_KEY_NSFaceIDUsageDescription = "";
				INFOPLIST_KEY_UIApplicationSceneManifest_Generation = YES;
				INFOPLIST_KEY_UIApplicationSupportsIndirectInputEvents = YES;
				INFOPLIST_KEY_UILaunchScreen_Generation = YES;
				INFOPLIST_KEY_UISupportedInterfaceOrientations_iPad = "UIInterfaceOrientationPortrait UIInterfaceOrientationPortraitUpsideDown UIInterfaceOrientationLandscapeLeft UIInterfaceOrientationLandscapeRight";
				INFOPLIST_KEY_UISupportedInterfaceOrientations_iPhone = "UIInterfaceOrientationPortrait UIInterfaceOrientationLandscapeLeft UIInterfaceOrientationLandscapeRight";
				LD_RUNPATH_SEARCH_PATHS = (
					"$(inherited)",
					"@executable_path/Frameworks",
				);
				MARKETING_VERSION = 1.0;
				PRODUCT_BUNDLE_IDENTIFIER = spacedrifter.xeon.MapKitExplore;
				PRODUCT_NAME = "$(TARGET_NAME)";
				SWIFT_EMIT_LOC_STRINGS = YES;
				SWIFT_VERSION = 5.0;
				TARGETED_DEVICE_FAMILY = "1,2";
			};
			name = Debug;
		};
		1944D8262B6EE5AD000374E8 /* Release */ = {
			isa = XCBuildConfiguration;
			buildSettings = {
				ASSETCATALOG_COMPILER_APPICON_NAME = AppIcon;
				ASSETCATALOG_COMPILER_GLOBAL_ACCENT_COLOR_NAME = AccentColor;
				CODE_SIGN_STYLE = Automatic;
				CURRENT_PROJECT_VERSION = 1;
				DEVELOPMENT_ASSET_PATHS = "\"MapKitExplore/Preview Content\"";
				ENABLE_PREVIEWS = YES;
				GENERATE_INFOPLIST_FILE = YES;
				INFOPLIST_KEY_NSFaceIDUsageDescription = "";
				INFOPLIST_KEY_UIApplicationSceneManifest_Generation = YES;
				INFOPLIST_KEY_UIApplicationSupportsIndirectInputEvents = YES;
				INFOPLIST_KEY_UILaunchScreen_Generation = YES;
				INFOPLIST_KEY_UISupportedInterfaceOrientations_iPad = "UIInterfaceOrientationPortrait UIInterfaceOrientationPortraitUpsideDown UIInterfaceOrientationLandscapeLeft UIInterfaceOrientationLandscapeRight";
				INFOPLIST_KEY_UISupportedInterfaceOrientations_iPhone = "UIInterfaceOrientationPortrait UIInterfaceOrientationLandscapeLeft UIInterfaceOrientationLandscapeRight";
				LD_RUNPATH_SEARCH_PATHS = (
					"$(inherited)",
					"@executable_path/Frameworks",
				);
				MARKETING_VERSION = 1.0;
				PRODUCT_BUNDLE_IDENTIFIER = spacedrifter.xeon.MapKitExplore;
				PRODUCT_NAME = "$(TARGET_NAME)";
				SWIFT_EMIT_LOC_STRINGS = YES;
				SWIFT_VERSION = 5.0;
				TARGETED_DEVICE_FAMILY = "1,2";
			};
			name = Release;
		};
/* End XCBuildConfiguration section */

/* Begin XCConfigurationList section */
		1944D8112B6EE5AD000374E8 /* Build configuration list for PBXProject "MapKitExplore" */ = {
			isa = XCConfigurationList;
			buildConfigurations = (
				1944D8222B6EE5AD000374E8 /* Debug */,
				1944D8232B6EE5AD000374E8 /* Release */,
			);
			defaultConfigurationIsVisible = 0;
			defaultConfigurationName = Release;
		};
		1944D8242B6EE5AD000374E8 /* Build configuration list for PBXNativeTarget "MapKitExplore" */ = {
			isa = XCConfigurationList;
			buildConfigurations = (
				1944D8252B6EE5AD000374E8 /* Debug */,
				1944D8262B6EE5AD000374E8 /* Release */,
			);
			defaultConfigurationIsVisible = 0;
			defaultConfigurationName = Release;
		};
/* End XCConfigurationList section */
	};
	rootObject = 1944D80E2B6EE5AD000374E8 /* Project object */;
}
