// !$*UTF8*$!
{
	archiveVersion = 1;
	classes = {
	};
	objectVersion = 56;
	objects = {

/* Begin PBXBuildFile section */
		C7CAD5F72B6A45010083C52A /* CupcakeCornerApp.swift in Sources */ = {isa = PBXBuildFile; fileRef = C7CAD5F62B6A45010083C52A /* CupcakeCornerApp.swift */; };
		C7CAD5F92B6A45010083C52A /* HomeV.swift in Sources */ = {isa = PBXBuildFile; fileRef = C7CAD5F82B6A45010083C52A /* HomeV.swift */; };
		C7CAD5FB2B6A45020083C52A /* Assets.xcassets in Resources */ = {isa = PBXBuildFile; fileRef = C7CAD5FA2B6A45020083C52A /* Assets.xcassets */; };
		C7CAD5FE2B6A45020083C52A /* Preview Assets.xcassets in Resources */ = {isa = PBXBuildFile; fileRef = C7CAD5FD2B6A45020083C52A /* Preview Assets.xcassets */; };
		C7CAD6052B6A45870083C52A /* OrderVM.swift in Sources */ = {isa = PBXBuildFile; fileRef = C7CAD6042B6A45870083C52A /* OrderVM.swift */; };
		C7CAD6072B6A4D5C0083C52A /* AddressV.swift in Sources */ = {isa = PBXBuildFile; fileRef = C7CAD6062B6A4D5C0083C52A /* AddressV.swift */; };
		C7CAD6092B6A59BF0083C52A /* CheckoutV.swift in Sources */ = {isa = PBXBuildFile; fileRef = C7CAD6082B6A59BF0083C52A /* CheckoutV.swift */; };
		C7CAD60B2B6A968A0083C52A /* OrderM.swift in Sources */ = {isa = PBXBuildFile; fileRef = C7CAD60A2B6A968A0083C52A /* OrderM.swift */; };
		C7CAD6272B6AEC8D0083C52A /* StringExtension.swift in Sources */ = {isa = PBXBuildFile; fileRef = C7CAD6262B6AEC8D0083C52A /* StringExtension.swift */; };
/* End PBXBuildFile section */

/* Begin PBXFileReference section */
		C7CAD5F32B6A45010083C52A /* CupcakeCorner.app */ = {isa = PBXFileReference; explicitFileType = wrapper.application; includeInIndex = 0; path = CupcakeCorner.app; sourceTree = BUILT_PRODUCTS_DIR; };
		C7CAD5F62B6A45010083C52A /* CupcakeCornerApp.swift */ = {isa = PBXFileReference; lastKnownFileType = sourcecode.swift; path = CupcakeCornerApp.swift; sourceTree = "<group>"; };
		C7CAD5F82B6A45010083C52A /* HomeV.swift */ = {isa = PBXFileReference; lastKnownFileType = sourcecode.swift; path = HomeV.swift; sourceTree = "<group>"; };
		C7CAD5FA2B6A45020083C52A /* Assets.xcassets */ = {isa = PBXFileReference; lastKnownFileType = folder.assetcatalog; path = Assets.xcassets; sourceTree = "<group>"; };
		C7CAD5FD2B6A45020083C52A /* Preview Assets.xcassets */ = {isa = PBXFileReference; lastKnownFileType = folder.assetcatalog; path = "Preview Assets.xcassets"; sourceTree = "<group>"; };
		C7CAD6042B6A45870083C52A /* OrderVM.swift */ = {isa = PBXFileReference; lastKnownFileType = sourcecode.swift; path = OrderVM.swift; sourceTree = "<group>"; };
		C7CAD6062B6A4D5C0083C52A /* AddressV.swift */ = {isa = PBXFileReference; lastKnownFileType = sourcecode.swift; path = AddressV.swift; sourceTree = "<group>"; };
		C7CAD6082B6A59BF0083C52A /* CheckoutV.swift */ = {isa = PBXFileReference; lastKnownFileType = sourcecode.swift; path = CheckoutV.swift; sourceTree = "<group>"; };
		C7CAD60A2B6A968A0083C52A /* OrderM.swift */ = {isa = PBXFileReference; lastKnownFileType = sourcecode.swift; path = OrderM.swift; sourceTree = "<group>"; };
		C7CAD6262B6AEC8D0083C52A /* StringExtension.swift */ = {isa = PBXFileReference; lastKnownFileType = sourcecode.swift; path = StringExtension.swift; sourceTree = "<group>"; };
/* End PBXFileReference section */

/* Begin PBXFrameworksBuildPhase section */
		C7CAD5F02B6A45010083C52A /* Frameworks */ = {
			isa = PBXFrameworksBuildPhase;
			buildActionMask = 2147483647;
			files = (
			);
			runOnlyForDeploymentPostprocessing = 0;
		};
/* End PBXFrameworksBuildPhase section */

/* Begin PBXGroup section */
		C7CAD5EA2B6A45010083C52A = {
			isa = PBXGroup;
			children = (
				C7CAD5F52B6A45010083C52A /* CupcakeCorner */,
				C7CAD5F42B6A45010083C52A /* Products */,
			);
			sourceTree = "<group>";
		};
		C7CAD5F42B6A45010083C52A /* Products */ = {
			isa = PBXGroup;
			children = (
				C7CAD5F32B6A45010083C52A /* CupcakeCorner.app */,
			);
			name = Products;
			sourceTree = "<group>";
		};
		C7CAD5F52B6A45010083C52A /* CupcakeCorner */ = {
			isa = PBXGroup;
			children = (
				C7CAD5F62B6A45010083C52A /* CupcakeCornerApp.swift */,
				C7CAD5F82B6A45010083C52A /* HomeV.swift */,
				C7CAD6082B6A59BF0083C52A /* CheckoutV.swift */,
				C7CAD6062B6A4D5C0083C52A /* AddressV.swift */,
				C7CAD6042B6A45870083C52A /* OrderVM.swift */,
				C7CAD60A2B6A968A0083C52A /* OrderM.swift */,
				C7CAD6262B6AEC8D0083C52A /* StringExtension.swift */,
				C7CAD5FA2B6A45020083C52A /* Assets.xcassets */,
				C7CAD5FC2B6A45020083C52A /* Preview Content */,
			);
			path = CupcakeCorner;
			sourceTree = "<group>";
		};
		C7CAD5FC2B6A45020083C52A /* Preview Content */ = {
			isa = PBXGroup;
			children = (
				C7CAD5FD2B6A45020083C52A /* Preview Assets.xcassets */,
			);
			path = "Preview Content";
			sourceTree = "<group>";
		};
/* End PBXGroup section */

/* Begin PBXNativeTarget section */
		C7CAD5F22B6A45010083C52A /* CupcakeCorner */ = {
			isa = PBXNativeTarget;
			buildConfigurationList = C7CAD6012B6A45020083C52A /* Build configuration list for PBXNativeTarget "CupcakeCorner" */;
			buildPhases = (
				C7CAD5EF2B6A45010083C52A /* Sources */,
				C7CAD5F02B6A45010083C52A /* Frameworks */,
				C7CAD5F12B6A45010083C52A /* Resources */,
			);
			buildRules = (
			);
			dependencies = (
			);
			name = CupcakeCorner;
			productName = CupcakeCorner;
			productReference = C7CAD5F32B6A45010083C52A /* CupcakeCorner.app */;
			productType = "com.apple.product-type.application";
		};
/* End PBXNativeTarget section */

/* Begin PBXProject section */
		C7CAD5EB2B6A45010083C52A /* Project object */ = {
			isa = PBXProject;
			attributes = {
				BuildIndependentTargetsInParallel = 1;
				LastSwiftUpdateCheck = 1410;
				LastUpgradeCheck = 1410;
				TargetAttributes = {
					C7CAD5F22B6A45010083C52A = {
						CreatedOnToolsVersion = 14.1;
					};
				};
			};
			buildConfigurationList = C7CAD5EE2B6A45010083C52A /* Build configuration list for PBXProject "CupcakeCorner" */;
			compatibilityVersion = "Xcode 14.0";
			developmentRegion = en;
			hasScannedForEncodings = 0;
			knownRegions = (
				en,
				Base,
			);
			mainGroup = C7CAD5EA2B6A45010083C52A;
			productRefGroup = C7CAD5F42B6A45010083C52A /* Products */;
			projectDirPath = "";
			projectRoot = "";
			targets = (
				C7CAD5F22B6A45010083C52A /* CupcakeCorner */,
			);
		};
/* End PBXProject section */

/* Begin PBXResourcesBuildPhase section */
		C7CAD5F12B6A45010083C52A /* Resources */ = {
			isa = PBXResourcesBuildPhase;
			buildActionMask = 2147483647;
			files = (
				C7CAD5FE2B6A45020083C52A /* Preview Assets.xcassets in Resources */,
				C7CAD5FB2B6A45020083C52A /* Assets.xcassets in Resources */,
			);
			runOnlyForDeploymentPostprocessing = 0;
		};
/* End PBXResourcesBuildPhase section */

/* Begin PBXSourcesBuildPhase section */
		C7CAD5EF2B6A45010083C52A /* Sources */ = {
			isa = PBXSourcesBuildPhase;
			buildActionMask = 2147483647;
			files = (
				C7CAD60B2B6A968A0083C52A /* OrderM.swift in Sources */,
				C7CAD6272B6AEC8D0083C52A /* StringExtension.swift in Sources */,
				C7CAD6052B6A45870083C52A /* OrderVM.swift in Sources */,
				C7CAD6072B6A4D5C0083C52A /* AddressV.swift in Sources */,
				C7CAD6092B6A59BF0083C52A /* CheckoutV.swift in Sources */,
				C7CAD5F92B6A45010083C52A /* HomeV.swift in Sources */,
				C7CAD5F72B6A45010083C52A /* CupcakeCornerApp.swift in Sources */,
			);
			runOnlyForDeploymentPostprocessing = 0;
		};
/* End PBXSourcesBuildPhase section */

/* Begin XCBuildConfiguration section */
		C7CAD5FF2B6A45020083C52A /* Debug */ = {
			isa = XCBuildConfiguration;
			buildSettings = {
				ALWAYS_SEARCH_USER_PATHS = NO;
				CLANG_ANALYZER_NONNULL = YES;
				CLANG_ANALYZER_NUMBER_OBJECT_CONVERSION = YES_AGGRESSIVE;
				CLANG_CXX_LANGUAGE_STANDARD = "gnu++20";
				CLANG_ENABLE_MODULES = YES;
				CLANG_ENABLE_OBJC_ARC = YES;
				CLANG_ENABLE_OBJC_WEAK = YES;
				CLANG_WARN_BLOCK_CAPTURE_AUTORELEASING = YES;
				CLANG_WARN_BOOL_CONVERSION = YES;
				CLANG_WARN_COMMA = YES;
				CLANG_WARN_CONSTANT_CONVERSION = YES;
				CLANG_WARN_DEPRECATED_OBJC_IMPLEMENTATIONS = YES;
				CLANG_WARN_DIRECT_OBJC_ISA_USAGE = YES_ERROR;
				CLANG_WARN_DOCUMENTATION_COMMENTS = YES;
				CLANG_WARN_EMPTY_BODY = YES;
				CLANG_WARN_ENUM_CONVERSION = YES;
				CLANG_WARN_INFINITE_RECURSION = YES;
				CLANG_WARN_INT_CONVERSION = YES;
				CLANG_WARN_NON_LITERAL_NULL_CONVERSION = YES;
				CLANG_WARN_OBJC_IMPLICIT_RETAIN_SELF = YES;
				CLANG_WARN_OBJC_LITERAL_CONVERSION = YES;
				CLANG_WARN_OBJC_ROOT_CLASS = YES_ERROR;
				CLANG_WARN_QUOTED_INCLUDE_IN_FRAMEWORK_HEADER = YES;
				CLANG_WARN_RANGE_LOOP_ANALYSIS = YES;
				CLANG_WARN_STRICT_PROTOTYPES = YES;
				CLANG_WARN_SUSPICIOUS_MOVE = YES;
				CLANG_WARN_UNGUARDED_AVAILABILITY = YES_AGGRESSIVE;
				CLANG_WARN_UNREACHABLE_CODE = YES;
				CLANG_WARN__DUPLICATE_METHOD_MATCH = YES;
				COPY_PHASE_STRIP = NO;
				DEBUG_INFORMATION_FORMAT = dwarf;
				ENABLE_STRICT_OBJC_MSGSEND = YES;
				ENABLE_TESTABILITY = YES;
				GCC_C_LANGUAGE_STANDARD = gnu11;
				GCC_DYNAMIC_NO_PIC = NO;
				GCC_NO_COMMON_BLOCKS = YES;
				GCC_OPTIMIZATION_LEVEL = 0;
				GCC_PREPROCESSOR_DEFINITIONS = (
					"DEBUG=1",
					"$(inherited)",
				);
				GCC_WARN_64_TO_32_BIT_CONVERSION = YES;
				GCC_WARN_ABOUT_RETURN_TYPE = YES_ERROR;
				GCC_WARN_UNDECLARED_SELECTOR = YES;
				GCC_WARN_UNINITIALIZED_AUTOS = YES_AGGRESSIVE;
				GCC_WARN_UNUSED_FUNCTION = YES;
				GCC_WARN_UNUSED_VARIABLE = YES;
				IPHONEOS_DEPLOYMENT_TARGET = 16.1;
				MTL_ENABLE_DEBUG_INFO = INCLUDE_SOURCE;
				MTL_FAST_MATH = YES;
				ONLY_ACTIVE_ARCH = YES;
				SDKROOT = iphoneos;
				SWIFT_ACTIVE_COMPILATION_CONDITIONS = DEBUG;
				SWIFT_OPTIMIZATION_LEVEL = "-Onone";
			};
			name = Debug;
		};
		C7CAD6002B6A45020083C52A /* Release */ = {
			isa = XCBuildConfiguration;
			buildSettings = {
				ALWAYS_SEARCH_USER_PATHS = NO;
				CLANG_ANALYZER_NONNULL = YES;
				CLANG_ANALYZER_NUMBER_OBJECT_CONVERSION = YES_AGGRESSIVE;
				CLANG_CXX_LANGUAGE_STANDARD = "gnu++20";
				CLANG_ENABLE_MODULES = YES;
				CLANG_ENABLE_OBJC_ARC = YES;
				CLANG_ENABLE_OBJC_WEAK = YES;
				CLANG_WARN_BLOCK_CAPTURE_AUTORELEASING = YES;
				CLANG_WARN_BOOL_CONVERSION = YES;
				CLANG_WARN_COMMA = YES;
				CLANG_WARN_CONSTANT_CONVERSION = YES;
				CLANG_WARN_DEPRECATED_OBJC_IMPLEMENTATIONS = YES;
				CLANG_WARN_DIRECT_OBJC_ISA_USAGE = YES_ERROR;
				CLANG_WARN_DOCUMENTATION_COMMENTS = YES;
				CLANG_WARN_EMPTY_BODY = YES;
				CLANG_WARN_ENUM_CONVERSION = YES;
				CLANG_WARN_INFINITE_RECURSION = YES;
				CLANG_WARN_INT_CONVERSION = YES;
				CLANG_WARN_NON_LITERAL_NULL_CONVERSION = YES;
				CLANG_WARN_OBJC_IMPLICIT_RETAIN_SELF = YES;
				CLANG_WARN_OBJC_LITERAL_CONVERSION = YES;
				CLANG_WARN_OBJC_ROOT_CLASS = YES_ERROR;
				CLANG_WARN_QUOTED_INCLUDE_IN_FRAMEWORK_HEADER = YES;
				CLANG_WARN_RANGE_LOOP_ANALYSIS = YES;
				CLANG_WARN_STRICT_PROTOTYPES = YES;
				CLANG_WARN_SUSPICIOUS_MOVE = YES;
				CLANG_WARN_UNGUARDED_AVAILABILITY = YES_AGGRESSIVE;
				CLANG_WARN_UNREACHABLE_CODE = YES;
				CLANG_WARN__DUPLICATE_METHOD_MATCH = YES;
				COPY_PHASE_STRIP = NO;
				DEBUG_INFORMATION_FORMAT = "dwarf-with-dsym";
				ENABLE_NS_ASSERTIONS = NO;
				ENABLE_STRICT_OBJC_MSGSEND = YES;
				GCC_C_LANGUAGE_STANDARD = gnu11;
				GCC_NO_COMMON_BLOCKS = YES;
				GCC_WARN_64_TO_32_BIT_CONVERSION = YES;
				GCC_WARN_ABOUT_RETURN_TYPE = YES_ERROR;
				GCC_WARN_UNDECLARED_SELECTOR = YES;
				GCC_WARN_UNINITIALIZED_AUTOS = YES_AGGRESSIVE;
				GCC_WARN_UNUSED_FUNCTION = YES;
				GCC_WARN_UNUSED_VARIABLE = YES;
				IPHONEOS_DEPLOYMENT_TARGET = 16.1;
				MTL_ENABLE_DEBUG_INFO = NO;
				MTL_FAST_MATH = YES;
				SDKROOT = iphoneos;
				SWIFT_COMPILATION_MODE = wholemodule;
				SWIFT_OPTIMIZATION_LEVEL = "-O";
				VALIDATE_PRODUCT = YES;
			};
			name = Release;
		};
		C7CAD6022B6A45020083C52A /* Debug */ = {
			isa = XCBuildConfiguration;
			buildSettings = {
				ASSETCATALOG_COMPILER_APPICON_NAME = AppIcon;
				ASSETCATALOG_COMPILER_GLOBAL_ACCENT_COLOR_NAME = AccentColor;
				CODE_SIGN_STYLE = Automatic;
				CURRENT_PROJECT_VERSION = 1;
				DEVELOPMENT_ASSET_PATHS = "\"CupcakeCorner/Preview Content\"";
				ENABLE_PREVIEWS = YES;
				GENERATE_INFOPLIST_FILE = YES;
				INFOPLIST_KEY_UIApplicationSceneManifest_Generation = YES;
				INFOPLIST_KEY_UIApplicationSupportsIndirectInputEvents = YES;
				INFOPLIST_KEY_UILaunchScreen_Generation = YES;
				INFOPLIST_KEY_UISupportedInterfaceOrientations_iPad = "UIInterfaceOrientationPortrait UIInterfaceOrientationPortraitUpsideDown UIInterfaceOrientationLandscapeLeft UIInterfaceOrientationLandscapeRight";
				INFOPLIST_KEY_UISupportedInterfaceOrientations_iPhone = "UIInterfaceOrientationPortrait UIInterfaceOrientationLandscapeLeft UIInterfaceOrientationLandscapeRight";
				LD_RUNPATH_SEARCH_PATHS = (
					"$(inherited)",
					"@executable_path/Frameworks",
				);
				MARKETING_VERSION = 1.0;
				PRODUCT_BUNDLE_IDENTIFIER = spacedrifter.xeon.CupcakeCorner;
				PRODUCT_NAME = "$(TARGET_NAME)";
				SWIFT_EMIT_LOC_STRINGS = YES;
				SWIFT_VERSION = 5.0;
				TARGETED_DEVICE_FAMILY = "1,2";
			};
			name = Debug;
		};
		C7CAD6032B6A45020083C52A /* Release */ = {
			isa = XCBuildConfiguration;
			buildSettings = {
				ASSETCATALOG_COMPILER_APPICON_NAME = AppIcon;
				ASSETCATALOG_COMPILER_GLOBAL_ACCENT_COLOR_NAME = AccentColor;
				CODE_SIGN_STYLE = Automatic;
				CURRENT_PROJECT_VERSION = 1;
				DEVELOPMENT_ASSET_PATHS = "\"CupcakeCorner/Preview Content\"";
				ENABLE_PREVIEWS = YES;
				GENERATE_INFOPLIST_FILE = YES;
				INFOPLIST_KEY_UIApplicationSceneManifest_Generation = YES;
				INFOPLIST_KEY_UIApplicationSupportsIndirectInputEvents = YES;
				INFOPLIST_KEY_UILaunchScreen_Generation = YES;
				INFOPLIST_KEY_UISupportedInterfaceOrientations_iPad = "UIInterfaceOrientationPortrait UIInterfaceOrientationPortraitUpsideDown UIInterfaceOrientationLandscapeLeft UIInterfaceOrientationLandscapeRight";
				INFOPLIST_KEY_UISupportedInterfaceOrientations_iPhone = "UIInterfaceOrientationPortrait UIInterfaceOrientationLandscapeLeft UIInterfaceOrientationLandscapeRight";
				LD_RUNPATH_SEARCH_PATHS = (
					"$(inherited)",
					"@executable_path/Frameworks",
				);
				MARKETING_VERSION = 1.0;
				PRODUCT_BUNDLE_IDENTIFIER = spacedrifter.xeon.CupcakeCorner;
				PRODUCT_NAME = "$(TARGET_NAME)";
				SWIFT_EMIT_LOC_STRINGS = YES;
				SWIFT_VERSION = 5.0;
				TARGETED_DEVICE_FAMILY = "1,2";
			};
			name = Release;
		};
/* End XCBuildConfiguration section */

/* Begin XCConfigurationList section */
		C7CAD5EE2B6A45010083C52A /* Build configuration list for PBXProject "CupcakeCorner" */ = {
			isa = XCConfigurationList;
			buildConfigurations = (
				C7CAD5FF2B6A45020083C52A /* Debug */,
				C7CAD6002B6A45020083C52A /* Release */,
			);
			defaultConfigurationIsVisible = 0;
			defaultConfigurationName = Release;
		};
		C7CAD6012B6A45020083C52A /* Build configuration list for PBXNativeTarget "CupcakeCorner" */ = {
			isa = XCConfigurationList;
			buildConfigurations = (
				C7CAD6022B6A45020083C52A /* Debug */,
				C7CAD6032B6A45020083C52A /* Release */,
			);
			defaultConfigurationIsVisible = 0;
			defaultConfigurationName = Release;
		};
/* End XCConfigurationList section */
	};
	rootObject = C7CAD5EB2B6A45010083C52A /* Project object */;
}
